{
  "name": "@vize/materials-universal",
  "version": "0.1.0",
  "lockfileVersion": 1,
  "requires": true,
  "dependencies": {
    "@babel/runtime": {
      "version": "7.9.2",
      "resolved": "http://r.tnpm.oa.com/@babel/runtime/download/@babel/runtime-7.9.2.tgz",
      "integrity": "sha1-2Q3wWDo6JS8JqqYZZlNnuuUY2wY=",
      "requires": {
        "regenerator-runtime": "^0.13.4"
      },
      "dependencies": {
        "regenerator-runtime": {
          "version": "0.13.5",
          "resolved": "http://r.tnpm.oa.com/regenerator-runtime/download/regenerator-runtime-0.13.5.tgz",
          "integrity": "sha1-2Hih0JS0MG0QuQlkhLM+vVXiZpc="
        }
      }
    },
    "@vize/types": {
      "version": "0.1.13",
      "resolved": "https://registry.npmjs.org/@vize/types/-/types-0.1.13.tgz",
      "integrity": "sha512-rWI/MyGBZx5iendNzO1zZiVx5gvDt7GEyzlc76G8y9FA1ThioX+V8d+pj0Dv/EHxITv3IPtyamrJEo3ja8FyNg=="
    },
    "add-dom-event-listener": {
      "version": "1.1.0",
      "resolved": "http://r.tnpm.oa.com/add-dom-event-listener/download/add-dom-event-listener-1.1.0.tgz",
      "integrity": "sha1-apLbOg3Qq8JU4JXA8dwUrLuq4xA=",
      "requires": {
        "object-assign": "4.x"
      }
    },
    "antd-mobile": {
      "version": "2.3.1",
      "resolved": "http://r.tnpm.oa.com/antd-mobile/download/antd-mobile-2.3.1.tgz",
      "integrity": "sha1-BNhwnBmO7ifDxBuQPLKtd6FgKOM=",
      "requires": {
        "array-tree-filter": "~2.1.0",
        "babel-runtime": "6.x",
        "classnames": "^2.2.1",
        "normalize.css": "^7.0.0",
        "rc-checkbox": "~2.0.0",
        "rc-collapse": "~1.9.1",
        "rc-slider": "~8.2.0",
        "rc-swipeout": "~2.0.0",
        "rmc-calendar": "^1.0.0",
        "rmc-cascader": "~5.0.0",
        "rmc-date-picker": "^6.0.8",
        "rmc-dialog": "^1.0.1",
        "rmc-drawer": "^0.4.11",
        "rmc-feedback": "^2.0.0",
        "rmc-input-number": "^1.0.0",
        "rmc-list-view": "^0.11.0",
        "rmc-notification": "~1.0.0",
        "rmc-nuka-carousel": "~3.0.0",
        "rmc-picker": "~5.0.0",
        "rmc-pull-to-refresh": "~1.0.1",
        "rmc-steps": "~1.0.0",
        "rmc-tabs": "~1.2.0",
        "rmc-tooltip": "~1.0.0"
      }
    },
    "array-tree-filter": {
      "version": "2.1.0",
      "resolved": "http://r.tnpm.oa.com/array-tree-filter/download/array-tree-filter-2.1.0.tgz",
      "integrity": "sha1-hzrAD+yDdJ8lWsjdCDgUtPYykZA="
    },
    "asap": {
      "version": "2.0.6",
      "resolved": "http://r.tnpm.oa.com/asap/download/asap-2.0.6.tgz",
      "integrity": "sha1-5QNHYR1+aQlDIIu9r+vLwvuGbUY="
    },
    "babel-runtime": {
      "version": "6.26.0",
      "resolved": "http://r.tnpm.oa.com/babel-runtime/download/babel-runtime-6.26.0.tgz",
      "integrity": "sha1-llxwWGaOgrVde/4E/yM3vItWR/4=",
      "requires": {
        "core-js": "^2.4.0",
        "regenerator-runtime": "^0.11.0"
      }
    },
    "classnames": {
      "version": "2.2.6",
      "resolved": "http://r.tnpm.oa.com/classnames/download/classnames-2.2.6.tgz",
      "integrity": "sha1-Q5Nb/90pHzJtrQogUwmzjQD2UM4="
    },
    "component-classes": {
      "version": "1.2.6",
      "resolved": "http://r.tnpm.oa.com/component-classes/download/component-classes-1.2.6.tgz",
      "integrity": "sha1-xkI5TDYYpNiwuJGe/Mu9kw5c1pE=",
      "requires": {
        "component-indexof": "0.0.3"
      }
    },
    "component-indexof": {
      "version": "0.0.3",
      "resolved": "http://r.tnpm.oa.com/component-indexof/download/component-indexof-0.0.3.tgz",
      "integrity": "sha1-EdCRMSI5648yyPJa6csAL/6NPCQ="
    },
    "core-js": {
      "version": "2.6.11",
      "resolved": "http://r.tnpm.oa.com/core-js/download/core-js-2.6.11.tgz",
      "integrity": "sha1-OIMUafmSK97Y7iHJ3EaYXgOZMIw="
    },
    "create-react-class": {
      "version": "15.6.3",
      "resolved": "http://r.tnpm.oa.com/create-react-class/download/create-react-class-15.6.3.tgz",
      "integrity": "sha1-LXMjf7P5cK5uvgEanmb0bbyoADY=",
      "requires": {
        "fbjs": "^0.8.9",
        "loose-envify": "^1.3.1",
        "object-assign": "^4.1.1"
      }
    },
    "css-animation": {
      "version": "1.6.1",
      "resolved": "http://r.tnpm.oa.com/css-animation/download/css-animation-1.6.1.tgz",
      "integrity": "sha1-FiBko7DVH5WLf/N7PW1N4Y4XA54=",
      "requires": {
        "babel-runtime": "6.x",
        "component-classes": "^1.2.5"
      }
    },
    "dom-align": {
      "version": "1.11.1",
      "resolved": "http://r.tnpm.oa.com/dom-align/download/dom-align-1.11.1.tgz",
      "integrity": "sha1-dZK+maZgo2ze3B1u6yK4EJ11jK4="
    },
    "encoding": {
      "version": "0.1.12",
      "resolved": "http://r.tnpm.oa.com/encoding/download/encoding-0.1.12.tgz",
      "integrity": "sha1-U4tm8+5izRq1HsMjgp0flIDHS+s=",
      "requires": {
        "iconv-lite": "~0.4.13"
      }
    },
    "exenv": {
      "version": "1.2.2",
      "resolved": "http://r.tnpm.oa.com/exenv/download/exenv-1.2.2.tgz",
      "integrity": "sha1-KueOhdmJQVhnCwPUe+wfA72Ru50="
    },
    "fbjs": {
      "version": "0.8.17",
      "resolved": "http://r.tnpm.oa.com/fbjs/download/fbjs-0.8.17.tgz",
      "integrity": "sha1-xNWY6taUkRJlPWWIsBpc3Nn5D90=",
      "requires": {
        "core-js": "^1.0.0",
        "isomorphic-fetch": "^2.1.1",
        "loose-envify": "^1.0.0",
        "object-assign": "^4.1.0",
        "promise": "^7.1.1",
        "setimmediate": "^1.0.5",
        "ua-parser-js": "^0.7.18"
      },
      "dependencies": {
        "core-js": {
          "version": "1.2.7",
          "resolved": "http://r.tnpm.oa.com/core-js/download/core-js-1.2.7.tgz",
          "integrity": "sha1-ZSKUwUZR2yj6k70tX/KYOk8IxjY="
        }
      }
    },
    "iconv-lite": {
      "version": "0.4.24",
      "resolved": "http://r.tnpm.oa.com/iconv-lite/download/iconv-lite-0.4.24.tgz",
      "integrity": "sha1-ICK0sl+93CHS9SSXSkdKr+czkIs=",
      "requires": {
        "safer-buffer": ">= 2.1.2 < 3"
      }
    },
    "is-stream": {
      "version": "1.1.0",
      "resolved": "http://r.tnpm.oa.com/is-stream/download/is-stream-1.1.0.tgz",
      "integrity": "sha1-EtSj3U5o4Lec6428hBc66A2RykQ="
    },
    "isomorphic-fetch": {
      "version": "2.2.1",
      "resolved": "http://r.tnpm.oa.com/isomorphic-fetch/download/isomorphic-fetch-2.2.1.tgz",
      "integrity": "sha1-YRrhrPFPXoH3KVB0coGf6XM1WKk=",
      "requires": {
        "node-fetch": "^1.0.1",
        "whatwg-fetch": ">=0.10.0"
      }
    },
    "js-tokens": {
      "version": "4.0.0",
      "resolved": "http://r.tnpm.oa.com/js-tokens/download/js-tokens-4.0.0.tgz",
      "integrity": "sha1-GSA/tZmR35jjoocFDUZHzerzJJk="
    },
    "lodash.throttle": {
      "version": "4.1.1",
      "resolved": "https://registry.npmjs.org/lodash.throttle/-/lodash.throttle-4.1.1.tgz",
      "integrity": "sha1-wj6RtxAkKscMN/HhzaknTMOb8vQ="
    },
    "loose-envify": {
      "version": "1.4.0",
      "resolved": "http://r.tnpm.oa.com/loose-envify/download/loose-envify-1.4.0.tgz",
      "integrity": "sha1-ce5R+nvkyuwaY4OffmgtgTLTDK8=",
      "requires": {
        "js-tokens": "^3.0.0 || ^4.0.0"
      }
    },
    "node-fetch": {
      "version": "1.7.3",
      "resolved": "http://r.tnpm.oa.com/node-fetch/download/node-fetch-1.7.3.tgz",
      "integrity": "sha1-mA9vcthSEaU0fGsrwYxbhMPrR+8=",
      "requires": {
        "encoding": "^0.1.11",
        "is-stream": "^1.0.1"
      }
    },
    "normalize.css": {
      "version": "7.0.0",
      "resolved": "http://r.tnpm.oa.com/normalize.css/download/normalize.css-7.0.0.tgz",
      "integrity": "sha1-q/sd2CRwZ04DIrU86xqvQSk45L8="
    },
    "object-assign": {
      "version": "4.1.1",
      "resolved": "http://r.tnpm.oa.com/object-assign/download/object-assign-4.1.1.tgz",
      "integrity": "sha1-IQmtx5ZYh8/AXLvUQsrIv7s2CGM="
    },
    "performance-now": {
      "version": "2.1.0",
      "resolved": "http://r.tnpm.oa.com/performance-now/download/performance-now-2.1.0.tgz",
      "integrity": "sha1-Ywn04OX6kT7BxpMHrjZLSzd8nns="
    },
    "promise": {
      "version": "7.3.1",
      "resolved": "http://r.tnpm.oa.com/promise/download/promise-7.3.1.tgz",
      "integrity": "sha1-BktyYCsY+Q8pGSuLG8QY/9Hr078=",
      "requires": {
        "asap": "~2.0.3"
      }
    },
    "prop-types": {
      "version": "15.7.2",
      "resolved": "http://r.tnpm.oa.com/prop-types/download/prop-types-15.7.2.tgz",
      "integrity": "sha1-UsQedbjIfnK52TYOAga5ncv/psU=",
      "requires": {
        "loose-envify": "^1.4.0",
        "object-assign": "^4.1.1",
        "react-is": "^16.8.1"
      }
    },
    "raf": {
      "version": "3.4.1",
      "resolved": "http://r.tnpm.oa.com/raf/download/raf-3.4.1.tgz",
      "integrity": "sha1-B0LpmkplUvRF1z4+4DKK8P8e3jk=",
      "requires": {
        "performance-now": "^2.1.0"
      }
    },
    "rc-align": {
      "version": "2.4.5",
      "resolved": "http://r.tnpm.oa.com/rc-align/download/rc-align-2.4.5.tgz",
      "integrity": "sha1-yUGlhvWdEBfyOkKPC0aGY/txAqs=",
      "requires": {
        "babel-runtime": "^6.26.0",
        "dom-align": "^1.7.0",
        "prop-types": "^15.5.8",
        "rc-util": "^4.0.4"
      }
    },
    "rc-animate": {
      "version": "2.10.3",
      "resolved": "http://r.tnpm.oa.com/rc-animate/download/rc-animate-2.10.3.tgz",
      "integrity": "sha1-Fj1eKSgaT/gtU+55GO7qyFa3Vvk=",
      "requires": {
        "babel-runtime": "6.x",
        "classnames": "^2.2.6",
        "css-animation": "^1.3.2",
        "prop-types": "15.x",
        "raf": "^3.4.0",
        "rc-util": "^4.15.3",
        "react-lifecycles-compat": "^3.0.4"
      }
    },
    "rc-checkbox": {
      "version": "2.0.3",
      "resolved": "http://r.tnpm.oa.com/rc-checkbox/download/rc-checkbox-2.0.3.tgz",
      "integrity": "sha1-Q2qdUIlI4iSYDwU16nOLSBd6jyU=",
      "requires": {
        "babel-runtime": "^6.23.0",
        "classnames": "2.x",
        "prop-types": "15.x",
        "rc-util": "^4.0.4"
      }
    },
    "rc-collapse": {
      "version": "1.9.3",
      "resolved": "http://r.tnpm.oa.com/rc-collapse/download/rc-collapse-1.9.3.tgz",
      "integrity": "sha1-2XQdsGqCM1Ph/RrsO6TA+divSyY=",
      "requires": {
        "classnames": "2.x",
        "css-animation": "1.x",
        "prop-types": "^15.5.6",
        "rc-animate": "2.x"
      }
    },
    "rc-gesture": {
      "version": "0.0.22",
      "resolved": "http://r.tnpm.oa.com/rc-gesture/download/rc-gesture-0.0.22.tgz",
      "integrity": "sha1-+8vdW0Y4epeLPt5ItCdI6P933d0=",
      "requires": {
        "babel-runtime": "6.x"
      }
    },
    "rc-slider": {
      "version": "8.2.0",
      "resolved": "http://r.tnpm.oa.com/rc-slider/download/rc-slider-8.2.0.tgz",
      "integrity": "sha1-rjfRcUTK1g4dpurA7k/8/qCwpug=",
      "requires": {
        "babel-runtime": "6.x",
        "classnames": "^2.2.5",
        "prop-types": "^15.5.4",
        "rc-tooltip": "^3.4.2",
        "rc-util": "^4.0.4",
        "shallowequal": "^1.0.1",
        "warning": "^3.0.0"
      }
    },
    "rc-swipeout": {
      "version": "2.0.11",
      "resolved": "http://r.tnpm.oa.com/rc-swipeout/download/rc-swipeout-2.0.11.tgz",
      "integrity": "sha1-362cezihXqA3bjnLM1bjb+16QVU=",
      "requires": {
        "babel-runtime": "6.x",
        "classnames": "2.x",
        "rc-gesture": "~0.0.22",
        "react-native-swipeout": "^2.2.2"
      }
    },
    "rc-tooltip": {
      "version": "3.7.3",
      "resolved": "http://r.tnpm.oa.com/rc-tooltip/download/rc-tooltip-3.7.3.tgz",
      "integrity": "sha1-KArsavyqROjf8EgPuv+eh/wArsw=",
      "requires": {
        "babel-runtime": "6.x",
        "prop-types": "^15.5.8",
        "rc-trigger": "^2.2.2"
      }
    },
    "rc-trigger": {
      "version": "2.6.5",
      "resolved": "http://r.tnpm.oa.com/rc-trigger/download/rc-trigger-2.6.5.tgz",
      "integrity": "sha1-FAqFfPKL0PoBua7LHialCnAOmIU=",
      "requires": {
        "babel-runtime": "6.x",
        "classnames": "^2.2.6",
        "prop-types": "15.x",
        "rc-align": "^2.4.0",
        "rc-animate": "2.x",
        "rc-util": "^4.4.0",
        "react-lifecycles-compat": "^3.0.4"
      }
    },
    "rc-util": {
      "version": "4.20.3",
      "resolved": "http://r.tnpm.oa.com/rc-util/download/rc-util-4.20.3.tgz",
      "integrity": "sha1-xNTuYXHPaF3HVXJ1KnZDEDJYiNM=",
      "requires": {
        "add-dom-event-listener": "^1.1.0",
        "prop-types": "^15.5.10",
        "react-is": "^16.12.0",
        "react-lifecycles-compat": "^3.0.4",
        "shallowequal": "^1.1.0"
      }
    },
    "react-easy-swipe": {
      "version": "0.0.21",
      "resolved": "https://registry.npmjs.org/react-easy-swipe/-/react-easy-swipe-0.0.21.tgz",
      "integrity": "sha512-OeR2jAxdoqUMHIn/nS9fgreI5hSpgGoL5ezdal4+oO7YSSgJR8ga+PkYGJrSrJ9MKlPcQjMQXnketrD7WNmNsg==",
      "requires": {
        "prop-types": "^15.5.8"
      }
    },
    "react-is": {
      "version": "16.13.1",
      "resolved": "http://r.tnpm.oa.com/react-is/download/react-is-16.13.1.tgz",
      "integrity": "sha1-eJcppNw23imZ3BVt1sHZwYzqVqQ="
    },
    "react-lifecycles-compat": {
      "version": "3.0.4",
      "resolved": "http://r.tnpm.oa.com/react-lifecycles-compat/download/react-lifecycles-compat-3.0.4.tgz",
      "integrity": "sha1-TxonOv38jzSIqMUWv9p4+HI1I2I="
    },
    "react-native-swipeout": {
      "version": "2.3.6",
      "resolved": "http://r.tnpm.oa.com/react-native-swipeout/download/react-native-swipeout-2.3.6.tgz",
      "integrity": "sha1-R9rIqDWCXPPy7vnklVdKPZq20/o=",
      "requires": {
        "create-react-class": "^15.6.0",
        "prop-types": "^15.5.10",
        "react-tween-state": "^0.1.5"
      }
    },
    "react-responsive-carousel": {
      "version": "3.2.18",
      "resolved": "https://registry.npmjs.org/react-responsive-carousel/-/react-responsive-carousel-3.2.18.tgz",
      "integrity": "sha512-A6eXp/HofjZ8p23Q/b25dqtokHFFXKhKKn82ZJkCI0edxjtAUid8SImr8rHp0rRi9aEYXej3ynWOzaUHFE4RKA==",
      "requires": {
        "classnames": "^2.2.5",
        "prop-types": "^15.5.8",
        "react-easy-swipe": "^0.0.21"
      }
    },
    "react-tween-state": {
      "version": "0.1.5",
      "resolved": "http://r.tnpm.oa.com/react-tween-state/download/react-tween-state-0.1.5.tgz",
      "integrity": "sha1-6YsGZVHvuTy5LdG+FJlcLj3q4zk=",
      "requires": {
        "raf": "^3.1.0",
        "tween-functions": "^1.0.1"
      }
    },
    "redux": {
      "version": "4.1.0",
      "resolved": "https://registry.npmjs.org/redux/-/redux-4.1.0.tgz",
      "integrity": "sha512-uI2dQN43zqLWCt6B/BMGRMY6db7TTY4qeHHfGeKb3EOhmOKjU3KdWvNLJyqaHRksv/ErdNH7cFZWg9jXtewy4g==",
      "requires": {
        "@babel/runtime": "^7.9.2"
      }
    },
    "regenerator-runtime": {
      "version": "0.11.1",
      "resolved": "http://r.tnpm.oa.com/regenerator-runtime/download/regenerator-runtime-0.11.1.tgz",
      "integrity": "sha1-vgWtf5v30i4Fb5cmzuUBf78Z4uk="
    },
    "rmc-align": {
      "version": "1.0.0",
      "resolved": "http://r.tnpm.oa.com/rmc-align/download/rmc-align-1.0.0.tgz",
      "integrity": "sha1-jWSrSEYJoEGrQkUGASoVt8W5M90=",
      "requires": {
        "babel-runtime": "6.x",
        "dom-align": "1.x",
        "rc-util": "4.x"
      }
    },
    "rmc-calendar": {
      "version": "1.1.4",
      "resolved": "http://r.tnpm.oa.com/rmc-calendar/download/rmc-calendar-1.1.4.tgz",
      "integrity": "sha1-fbSZAIeHfNSad3L0Uk0zuAFtO9I=",
      "requires": {
        "babel-runtime": "^6.26.0",
        "rc-animate": "^2.4.4",
        "rmc-date-picker": "^6.0.8"
      }
    },
    "rmc-cascader": {
      "version": "5.0.3",
      "resolved": "http://r.tnpm.oa.com/rmc-cascader/download/rmc-cascader-5.0.3.tgz",
      "integrity": "sha1-xgWx6sZhPkxUqmrtLLrn+cWoxl8=",
      "requires": {
        "array-tree-filter": "2.1.x",
        "babel-runtime": "6.x",
        "rmc-picker": "~5.0.0"
      }
    },
    "rmc-date-picker": {
      "version": "6.0.10",
      "resolved": "http://r.tnpm.oa.com/rmc-date-picker/download/rmc-date-picker-6.0.10.tgz",
      "integrity": "sha1-NNx9/UJCSL4tQ1J0IVdiR8MVg/Y=",
      "requires": {
        "babel-runtime": "6.x",
        "rmc-picker": "~5.0.0"
      }
    },
    "rmc-dialog": {
      "version": "1.1.1",
      "resolved": "http://r.tnpm.oa.com/rmc-dialog/download/rmc-dialog-1.1.1.tgz",
      "integrity": "sha1-HX+8ayytWwtT+6tx/iljbXb3ghc=",
      "requires": {
        "babel-runtime": "6.x",
        "rc-animate": "2.x"
      }
    },
    "rmc-drawer": {
      "version": "0.4.11",
      "resolved": "http://r.tnpm.oa.com/rmc-drawer/download/rmc-drawer-0.4.11.tgz",
      "integrity": "sha1-moxhJaTM03uRbzL36LR30R1BPuM=",
      "requires": {
        "babel-runtime": "6.x",
        "classnames": "^2.2.4",
        "prop-types": "^15.5.10"
      }
    },
    "rmc-feedback": {
      "version": "2.0.0",
      "resolved": "http://r.tnpm.oa.com/rmc-feedback/download/rmc-feedback-2.0.0.tgz",
      "integrity": "sha1-y8bLOuY8emNe7w4l5PuvWsNm7qo=",
      "requires": {
        "babel-runtime": "6.x",
        "classnames": "^2.2.5"
      }
    },
    "rmc-input-number": {
      "version": "1.0.5",
      "resolved": "http://r.tnpm.oa.com/rmc-input-number/download/rmc-input-number-1.0.5.tgz",
      "integrity": "sha1-QuAqJ7DDw2a+n/DOGdgYtx5Ab48=",
      "requires": {
        "babel-runtime": "6.x",
        "classnames": "^2.2.0",
        "rmc-feedback": "^2.0.0"
      }
    },
    "rmc-list-view": {
      "version": "0.11.5",
      "resolved": "http://r.tnpm.oa.com/rmc-list-view/download/rmc-list-view-0.11.5.tgz",
      "integrity": "sha1-jhUqXb7GrsRajM0fM8uO8UC5Oh4=",
      "requires": {
        "babel-runtime": "6.x",
        "classnames": "^2.2.5",
        "fbjs": "^0.8.3",
        "prop-types": "^15.5.8",
        "warning": "^3.0.0",
        "zscroller": "~0.4.0"
      }
    },
    "rmc-notification": {
      "version": "1.0.0",
      "resolved": "http://r.tnpm.oa.com/rmc-notification/download/rmc-notification-1.0.0.tgz",
      "integrity": "sha1-H87pj5m5cz985jqR12Y6V4dD0HU=",
      "requires": {
        "babel-runtime": "6.x",
        "classnames": "2.x",
        "prop-types": "^15.5.8",
        "rc-animate": "2.x",
        "rc-util": "^4.0.4"
      }
    },
    "rmc-nuka-carousel": {
      "version": "3.0.1",
      "resolved": "http://r.tnpm.oa.com/rmc-nuka-carousel/download/rmc-nuka-carousel-3.0.1.tgz",
      "integrity": "sha1-oqmXZ2sPmGNUl22sOexm2HAbS3E=",
      "requires": {
        "exenv": "^1.2.0",
        "raf": "^3.3.2"
      }
    },
    "rmc-picker": {
      "version": "5.0.10",
      "resolved": "http://r.tnpm.oa.com/rmc-picker/download/rmc-picker-5.0.10.tgz",
      "integrity": "sha1-nKCs9FrSyK/pAVoQOomENtgl4Y8=",
      "requires": {
        "babel-runtime": "6.x",
        "classnames": "^2.2.6",
        "rmc-dialog": "^1.1.1",
        "rmc-feedback": "^2.0.0"
      }
    },
    "rmc-pull-to-refresh": {
      "version": "1.0.12",
      "resolved": "http://r.tnpm.oa.com/rmc-pull-to-refresh/download/rmc-pull-to-refresh-1.0.12.tgz",
      "integrity": "sha1-YH/XJ6GAtvksXgWhuhkuD+fCZCE=",
      "requires": {
        "babel-runtime": "6.x",
        "classnames": "^2.2.5"
      }
    },
    "rmc-steps": {
      "version": "1.0.0",
      "resolved": "http://r.tnpm.oa.com/rmc-steps/download/rmc-steps-1.0.0.tgz",
      "integrity": "sha1-DFDQ3/nT5y4QGRQwCngZk1UtxSY=",
      "requires": {
        "babel-runtime": "^6.23.0",
        "classnames": "^2.2.3"
      }
    },
    "rmc-tabs": {
      "version": "1.2.29",
      "resolved": "http://r.tnpm.oa.com/rmc-tabs/download/rmc-tabs-1.2.29.tgz",
      "integrity": "sha1-3SGRUl3rv4Uh6FrrbZdnD2UuTIM=",
      "requires": {
        "babel-runtime": "6.x",
        "rc-gesture": "~0.0.18"
      }
    },
    "rmc-tooltip": {
      "version": "1.0.1",
      "resolved": "http://r.tnpm.oa.com/rmc-tooltip/download/rmc-tooltip-1.0.1.tgz",
      "integrity": "sha1-WvFqPo92T6JtKxGTKXW9iLHYSNI=",
      "requires": {
        "babel-runtime": "6.x",
        "rmc-trigger": "1.x"
      }
    },
    "rmc-trigger": {
      "version": "1.0.12",
      "resolved": "http://r.tnpm.oa.com/rmc-trigger/download/rmc-trigger-1.0.12.tgz",
      "integrity": "sha1-NN8QoW8fyPnosU0T1Yyr4pSrdIg=",
      "requires": {
        "babel-runtime": "6.x",
        "rc-animate": "2.x",
        "rc-util": "4.x",
        "rmc-align": "~1.0.0"
      }
    },
    "safer-buffer": {
      "version": "2.1.2",
      "resolved": "http://r.tnpm.oa.com/safer-buffer/download/safer-buffer-2.1.2.tgz",
      "integrity": "sha1-RPoWGwGHuVSd2Eu5GAL5vYOFzWo="
    },
    "setimmediate": {
      "version": "1.0.5",
      "resolved": "http://r.tnpm.oa.com/setimmediate/download/setimmediate-1.0.5.tgz",
      "integrity": "sha1-KQy7Iy4waULX1+qbg3Mqt4VvgoU="
    },
    "shallowequal": {
      "version": "1.1.0",
      "resolved": "http://r.tnpm.oa.com/shallowequal/download/shallowequal-1.1.0.tgz",
      "integrity": "sha1-GI1SHelbkIdAT9TctosT3wrk5/g="
    },
    "tween-functions": {
      "version": "1.2.0",
      "resolved": "http://r.tnpm.oa.com/tween-functions/download/tween-functions-1.2.0.tgz",
      "integrity": "sha1-GuOlDnxguz3vd06scHrLynO7w/8="
    },
    "ua-parser-js": {
      "version": "0.7.21",
      "resolved": "http://r.tnpm.oa.com/ua-parser-js/download/ua-parser-js-0.7.21.tgz",
      "integrity": "sha1-hTz5zpP2QvZxdCc8w0Vlrm8wh3c="
    },
    "video-react": {
      "version": "0.14.1",
      "resolved": "https://registry.npmjs.org/video-react/-/video-react-0.14.1.tgz",
      "integrity": "sha512-R5ClJo58iJcQLS+bGNmuAMc/fx9/xcJ6oLrAlbuu7MGI49Jh7b7o79aUdQMZvzuynT1NvhVmD4N/fTOEmWNDlg==",
      "requires": {
        "@babel/runtime": "^7.4.5",
        "classnames": "^2.2.6",
        "lodash.throttle": "^4.1.1",
        "prop-types": "^15.7.2",
        "redux": "^4.0.1"
      }
    },
    "warning": {
      "version": "3.0.0",
      "resolved": "http://r.tnpm.oa.com/warning/download/warning-3.0.0.tgz",
      "integrity": "sha1-MuU3fLVy3kqwR1O9+IIcAe1gW3w=",
      "requires": {
        "loose-envify": "^1.0.0"
      }
    },
    "whatwg-fetch": {
      "version": "3.0.0",
      "resolved": "http://r.tnpm.oa.com/whatwg-fetch/download/whatwg-fetch-3.0.0.tgz",
      "integrity": "sha1-/IBORYzEYACbGiuWa8iBfSV4rvs="
    },
    "zscroller": {
      "version": "0.4.8",
      "resolved": "http://r.tnpm.oa.com/zscroller/download/zscroller-0.4.8.tgz",
      "integrity": "sha1-ae7WhpCAju34H5cUAUNWs2zdIPQ=",
      "requires": {
        "babel-runtime": "6.x"
      }
    }
  }
}
